
Microsoft Visual Studio Solution File, Format Version 12.00
# Visual Studio Version 16
VisualStudioVersion = 16.0.810.1
MinimumVisualStudioVersion = 10.0.40219.1
Project("{FAE04EC0-301F-11D3-BF4B-00C04F79EFBC}") = "ACM.BL", "ACM.BL\ACM.BL.csproj", "{6803382C-9017-4A86-9854-A013BB2479BB}"
EndProject
Global
	GlobalSection(SolutionConfigurationPlatforms) = preSolution
		Debug|Any CPU = Debug|Any CPU
		Release|Any CPU = Release|Any CPU
	EndGlobalSection
	GlobalSection(ProjectConfigurationPlatforms) = postSolution
		{6803382C-9017-4A86-9854-A013BB2479BB}.Debug|Any CPU.ActiveCfg = Debug|Any CPU
		{6803382C-9017-4A86-9854-A013BB2479BB}.Debug|Any CPU.Build.0 = Debug|Any CPU
		{6803382C-9017-4A86-9854-A013BB2479BB}.Release|Any CPU.ActiveCfg = Release|Any CPU
		{6803382C-9017-4A86-9854-A013BB2479BB}.Release|Any CPU.Build.0 = Release|Any CPU
	EndGlobalSection
	GlobalSection(SolutionProperties) = preSolution
		HideSolutionNode = FALSE
	EndGlobalSection
	GlobalSection(ExtensibilityGlobals) = postSolution
		SolutionGuid = {2B7BAD2B-07C5-4897-8EA0-B822CE3F4DAC}
	EndGlobalSection
	GlobalSection(NestedProjects) = preSolution
	EndGlobalSection
EndGlobal
